
Microsoft Visual Studio Solution File, Format Version 12.00
# Visual Studio Version 17
VisualStudioVersion = 17.3.32804.467
MinimumVisualStudioVersion = 10.0.40219.1
Project("{FAE04EC0-301F-11D3-BF4B-00C04F79EFBC}") = "ToDoLifeApp", "ToDoLifeApp\ToDoLifeApp.csproj", "{499ABB66-A265-4899-9839-AEB6903A5A12}"
EndProject
Global
	GlobalSection(SolutionConfigurationPlatforms) = preSolution
		Debug|Any CPU = Debug|Any CPU
		Release|Any CPU = Release|Any CPU
	EndGlobalSection
	GlobalSection(ProjectConfigurationPlatforms) = postSolution
		{499ABB66-A265-4899-9839-AEB6903A5A12}.Debug|Any CPU.ActiveCfg = Debug|Any CPU
		{499ABB66-A265-4899-9839-AEB6903A5A12}.Debug|Any CPU.Build.0 = Debug|Any CPU
		{499ABB66-A265-4899-9839-AEB6903A5A12}.Release|Any CPU.ActiveCfg = Release|Any CPU
		{499ABB66-A265-4899-9839-AEB6903A5A12}.Release|Any CPU.Build.0 = Release|Any CPU
	EndGlobalSection
	GlobalSection(SolutionProperties) = preSolution
		HideSolutionNode = FALSE
	EndGlobalSection
	GlobalSection(ExtensibilityGlobals) = postSolution
		SolutionGuid = {E6E2DD9E-9745-495D-8820-0054BC2DC87C}
	EndGlobalSection
EndGlobal
